PODS:
  - Firebase/Core (5.2.0):
    - Firebase/CoreOnly
    - FirebaseAnalytics (= 5.0.1)
  - Firebase/CoreOnly (5.2.0):
    - FirebaseCore (= 5.0.3)
  - Firebase/MLVision (5.2.0):
    - Firebase/CoreOnly
    - FirebaseMLVision (= 0.9.0)
  - Firebase/MLVisionTextModel (5.2.0):
    - Firebase/CoreOnly
    - FirebaseMLVisionTextModel (= 0.9.0)
  - FirebaseAnalytics (5.0.1):
    - FirebaseCore (~> 5.0)
    - FirebaseInstanceID (~> 3.0)
    - "GoogleToolboxForMac/NSData+zlib (~> 2.1)"
    - nanopb (~> 0.3)
  - FirebaseCore (5.0.3):
    - "GoogleToolboxForMac/NSData+zlib (~> 2.1)"
  - FirebaseInstanceID (3.1.1):
    - FirebaseCore (~> 5.0)
  - FirebaseMLCommon (0.10.0):
    - FirebaseCore (~> 5.0)
  - FirebaseMLVision (0.9.0):
    - FirebaseCore (~> 5.0)
    - FirebaseMLCommon (~> 0.9)
    - GoogleAPIClientForREST/Core (~> 1.3)
    - GoogleAPIClientForREST/Vision (~> 1.3)
    - GoogleMobileVision/Detector (~> 1.3.0)
  - FirebaseMLVisionTextModel (0.9.0):
    - GoogleMobileVision/TextDetector (~> 1.3.0)
  - GoogleAPIClientForREST/Core (1.4.3):
    - GTMSessionFetcher (>= 1.1.7)
  - GoogleAPIClientForREST/Vision (1.4.3):
    - GoogleAPIClientForREST/Core
    - GTMSessionFetcher (>= 1.1.7)
  - GoogleMobileVision/Detector (1.3.3):
    - GoogleToolboxForMac/Logger (~> 2.1)
    - "GoogleToolboxForMac/NSData+zlib (~> 2.1)"
    - GTMSessionFetcher/Core (~> 1.1)
    - Protobuf (~> 3.1)
  - GoogleMobileVision/TextDetector (1.3.3):
    - GoogleMobileVision/Detector (~> 1.3)
  - GoogleToolboxForMac/Defines (2.2.2)
  - GoogleToolboxForMac/Logger (2.2.2):
    - GoogleToolboxForMac/Defines (= 2.2.2)
  - "GoogleToolboxForMac/NSData+zlib (2.2.2)":
    - GoogleToolboxForMac/Defines (= 2.2.2)
  - GTMSessionFetcher (1.4.0):
    - GTMSessionFetcher/Full (= 1.4.0)
  - GTMSessionFetcher/Core (1.4.0)
  - GTMSessionFetcher/Full (1.4.0):
    - GTMSessionFetcher/Core (= 1.4.0)
  - nanopb (0.3.9011):
    - nanopb/decode (= 0.3.9011)
    - nanopb/encode (= 0.3.9011)
  - nanopb/decode (0.3.9011)
  - nanopb/encode (0.3.9011)
  - Protobuf (3.13.0)

DEPENDENCIES:
  - Firebase/Core (~> 5.2.0)
  - Firebase/MLVision (~> 5.2.0)
  - Firebase/MLVisionTextModel (~> 5.2.0)

SPEC REPOS:
  trunk:
    - Firebase
    - FirebaseAnalytics
    - FirebaseCore
    - FirebaseInstanceID
    - FirebaseMLCommon
    - FirebaseMLVision
    - FirebaseMLVisionTextModel
    - GoogleAPIClientForREST
    - GoogleMobileVision
    - GoogleToolboxForMac
    - GTMSessionFetcher
    - nanopb
    - Protobuf

SPEC CHECKSUMS:
  Firebase: 25ed0412036d7d008568d1fb4d2e9d81ea8a0a2c
  FirebaseAnalytics: b3628aea54c50464c32c393fb2ea032566e7ecc2
  FirebaseCore: a3c87242451633fff8490183898075ce77d168d2
  FirebaseInstanceID: f3f0657372592ecdfdfe2cac604a5a75758376a6
  FirebaseMLCommon: 88ffed2dbb54ecb7dbcf8080a7654b6ea938e15b
  FirebaseMLVision: f9756d8376dd150fb17629eaa7bdc6baa8965677
  FirebaseMLVisionTextModel: 21090a69d01421d93a9b70660666d3eadb08b1fc
  GoogleAPIClientForREST: e2d95a611ac06a90d143c93bfd8597719f8b0938
  GoogleMobileVision: 7e0eeac8d897ac1f9a4f9d55d3d2df81325f92ec
  GoogleToolboxForMac: 800648f8b3127618c1b59c7f97684427630c5ea3
  GTMSessionFetcher: 6f5c8abbab8a9bce4bb3f057e317728ec6182b10
  nanopb: 18003b5e52dab79db540fe93fe9579f399bd1ccd
  Protobuf: 3dac39b34a08151c6d949560efe3f86134a3f748

PODFILE CHECKSUM: 2dc05ebd06f8e7e5380b3272e4695f8d0ee3846a

COCOAPODS: 1.9.3
